
Microsoft Visual Studio Solution File, Format Version 12.00
# Visual Studio Version 17
VisualStudioVersion = 17.14.36203.30 d17.14
MinimumVisualStudioVersion = 10.0.40219.1
Project("{8BC9CEB8-8B4A-11D0-8D11-00A0C91BC942}") = "Pattern Program", "Pattern Program.vcxproj", "{9A25AB0F-B8F5-4922-AAE4-B5861E15E9D5}"
EndProject
Global
	GlobalSection(SolutionConfigurationPlatforms) = preSolution
		Debug|x64 = Debug|x64
		Debug|x86 = Debug|x86
		Release|x64 = Release|x64
		Release|x86 = Release|x86
	EndGlobalSection
	GlobalSection(ProjectConfigurationPlatforms) = postSolution
		{9A25AB0F-B8F5-4922-AAE4-B5861E15E9D5}.Debug|x64.ActiveCfg = Debug|x64
		{9A25AB0F-B8F5-4922-AAE4-B5861E15E9D5}.Debug|x64.Build.0 = Debug|x64
		{9A25AB0F-B8F5-4922-AAE4-B5861E15E9D5}.Debug|x86.ActiveCfg = Debug|Win32
		{9A25AB0F-B8F5-4922-AAE4-B5861E15E9D5}.Debug|x86.Build.0 = Debug|Win32
		{9A25AB0F-B8F5-4922-AAE4-B5861E15E9D5}.Release|x64.ActiveCfg = Release|x64
		{9A25AB0F-B8F5-4922-AAE4-B5861E15E9D5}.Release|x64.Build.0 = Release|x64
		{9A25AB0F-B8F5-4922-AAE4-B5861E15E9D5}.Release|x86.ActiveCfg = Release|Win32
		{9A25AB0F-B8F5-4922-AAE4-B5861E15E9D5}.Release|x86.Build.0 = Release|Win32
	EndGlobalSection
	GlobalSection(SolutionProperties) = preSolution
		HideSolutionNode = FALSE
	EndGlobalSection
	GlobalSection(ExtensibilityGlobals) = postSolution
		SolutionGuid = {32A539E8-E322-45EF-9CE9-A7DE6A4A40E3}
	EndGlobalSection
EndGlobal
